
Microsoft Visual Studio Solution File, Format Version 12.00
# Visual Studio Version 17
VisualStudioVersion = 17.7.34202.233
MinimumVisualStudioVersion = 10.0.40219.1
Project("{FAE04EC0-301F-11D3-BF4B-00C04F79EFBC}") = "PooDemo", "PooDemo.csproj", "{BDAD9327-2BD6-4D43-A199-328060A0787F}"
EndProject
Global
	GlobalSection(SolutionConfigurationPlatforms) = preSolution
		Debug|Any CPU = Debug|Any CPU
		Release|Any CPU = Release|Any CPU
	EndGlobalSection
	GlobalSection(ProjectConfigurationPlatforms) = postSolution
		{BDAD9327-2BD6-4D43-A199-328060A0787F}.Debug|Any CPU.ActiveCfg = Debug|Any CPU
		{BDAD9327-2BD6-4D43-A199-328060A0787F}.Debug|Any CPU.Build.0 = Debug|Any CPU
		{BDAD9327-2BD6-4D43-A199-328060A0787F}.Release|Any CPU.ActiveCfg = Release|Any CPU
		{BDAD9327-2BD6-4D43-A199-328060A0787F}.Release|Any CPU.Build.0 = Release|Any CPU
	EndGlobalSection
	GlobalSection(SolutionProperties) = preSolution
		HideSolutionNode = FALSE
	EndGlobalSection
	GlobalSection(ExtensibilityGlobals) = postSolution
		SolutionGuid = {4C73524C-8272-42E2-8E0F-40A0C1C91408}
	EndGlobalSection
EndGlobal
